# This file is generated by running "yarn install" inside your project.
# Manual changes might be lost - proceed with caution!

__metadata:
  version: 8
  cacheKey: 10c0

"@types/node@npm:*":
  version: 22.13.1
  resolution: "@types/node@npm:22.13.1"
  dependencies:
    undici-types: "npm:~6.20.0"
  checksum: 10c0/d4e56d41d8bd53de93da2651c0a0234e330bd7b1b6d071b1a94bd3b5ee2d9f387519e739c52a15c1faa4fb9d97e825b848421af4b2e50e6518011e7adb4a34b7
  languageName: node
  linkType: hard

"@types/pg@npm:^8.11.11":
  version: 8.11.11
  resolution: "@types/pg@npm:8.11.11"
  dependencies:
    "@types/node": "npm:*"
    pg-protocol: "npm:*"
    pg-types: "npm:^4.0.1"
  checksum: 10c0/18c2585e1ba7a5dd5f849d49410d53fdfe9a6c3cbc4ae46c51fd728264d6ecf9a84a5cd82d89cb1f870a74383bad88effce1eed888f16accbcbde56a53d23a69
  languageName: node
  linkType: hard

"obuf@npm:~1.1.2":
  version: 1.1.2
  resolution: "obuf@npm:1.1.2"
  checksum: 10c0/520aaac7ea701618eacf000fc96ae458e20e13b0569845800fc582f81b386731ab22d55354b4915d58171db00e79cfcd09c1638c02f89577ef092b38c65b7d81
  languageName: node
  linkType: hard

"pg-cloudflare@npm:^1.1.1":
  version: 1.1.1
  resolution: "pg-cloudflare@npm:1.1.1"
  checksum: 10c0/a68b957f755be6af813d68ccaf4c906a000fd2ecb362cd281220052cc9e2f6c26da3b88792742387008c30b3bf0d2fa3a0eff04aeb8af4414023c99ae78e07bd
  languageName: node
  linkType: hard

"pg-connection-string@npm:^2.7.0":
  version: 2.7.0
  resolution: "pg-connection-string@npm:2.7.0"
  checksum: 10c0/50a1496a1c858f9495d78a2c7a66d93ef3602e718aff2953bb5738f3ea616d7f727f32fc20513c9bed127650cd14c1ddc7b458396f4000e689d4b64c65c5c51e
  languageName: node
  linkType: hard

"pg-int8@npm:1.0.1":
  version: 1.0.1
  resolution: "pg-int8@npm:1.0.1"
  checksum: 10c0/be6a02d851fc2a4ae3e9de81710d861de3ba35ac927268973eb3cb618873a05b9424656df464dd43bd7dc3fc5295c3f5b3c8349494f87c7af50ec59ef14e0b98
  languageName: node
  linkType: hard

"pg-numeric@npm:1.0.2":
  version: 1.0.2
  resolution: "pg-numeric@npm:1.0.2"
  checksum: 10c0/43dd9884e7b52c79ddc28d2d282d7475fce8bba13452d33c04ceb2e0a65f561edf6699694e8e1c832ff9093770496363183c950dd29608e1bdd98f344b25bca9
  languageName: node
  linkType: hard

"pg-pool@npm:^3.7.0":
  version: 3.7.0
  resolution: "pg-pool@npm:3.7.0"
  peerDependencies:
    pg: ">=8.0"
  checksum: 10c0/9128673cf941f288c0cb1a74ca959a9b4f6075ef73b2cc7dece5d4db3dd7043784869e7c12bce2e69ca0df22132a419cc45c2050b4373632856fe8bae9eb94b5
  languageName: node
  linkType: hard

"pg-protocol@npm:*, pg-protocol@npm:^1.7.0":
  version: 1.7.0
  resolution: "pg-protocol@npm:1.7.0"
  checksum: 10c0/c4af854d9b843c808231c0040fed89f2b9101006157df8da2bb2f62a7dde702de748d852228dc22df41cc7ffddfb526af3bcb34b278b581e9f76a060789186c1
  languageName: node
  linkType: hard

"pg-types@npm:^2.1.0":
  version: 2.2.0
  resolution: "pg-types@npm:2.2.0"
  dependencies:
    pg-int8: "npm:1.0.1"
    postgres-array: "npm:~2.0.0"
    postgres-bytea: "npm:~1.0.0"
    postgres-date: "npm:~1.0.4"
    postgres-interval: "npm:^1.1.0"
  checksum: 10c0/ab3f8069a323f601cd2d2279ca8c425447dab3f9b61d933b0601d7ffc00d6200df25e26a4290b2b0783b59278198f7dd2ed03e94c4875797919605116a577c65
  languageName: node
  linkType: hard

"pg-types@npm:^4.0.1":
  version: 4.0.2
  resolution: "pg-types@npm:4.0.2"
  dependencies:
    pg-int8: "npm:1.0.1"
    pg-numeric: "npm:1.0.2"
    postgres-array: "npm:~3.0.1"
    postgres-bytea: "npm:~3.0.0"
    postgres-date: "npm:~2.1.0"
    postgres-interval: "npm:^3.0.0"
    postgres-range: "npm:^1.1.1"
  checksum: 10c0/780fccda2f3fa2a34e85a72e8e7dadb7d88fbe71ce88f126cb3313f333ad836d02488ec4ff3d94d0c1e5846f735d6e6c6281f8059e6b8919d2180429acaec3e2
  languageName: node
  linkType: hard

"pg@npm:^8.13.1":
  version: 8.13.1
  resolution: "pg@npm:8.13.1"
  dependencies:
    pg-cloudflare: "npm:^1.1.1"
    pg-connection-string: "npm:^2.7.0"
    pg-pool: "npm:^3.7.0"
    pg-protocol: "npm:^1.7.0"
    pg-types: "npm:^2.1.0"
    pgpass: "npm:1.x"
  peerDependencies:
    pg-native: ">=3.0.1"
  dependenciesMeta:
    pg-cloudflare:
      optional: true
  peerDependenciesMeta:
    pg-native:
      optional: true
  checksum: 10c0/c13bc661cbdb115337bc8519254836faf4bd79106dfd7ed588c8ece8c8b2dd3b7376bfec9a9a2f7646fa095b0b310cec77a83c3ba2ea4872331446eb93fd9055
  languageName: node
  linkType: hard

"pgpass@npm:1.x":
  version: 1.0.5
  resolution: "pgpass@npm:1.0.5"
  dependencies:
    split2: "npm:^4.1.0"
  checksum: 10c0/5ea6c9b2de04c33abb08d33a2dded303c4a3c7162a9264519cbe85c0a9857d712463140ba42fad0c7cd4b21f644dd870b45bb2e02fcbe505b4de0744fd802c1d
  languageName: node
  linkType: hard

"postgres-array@npm:~2.0.0":
  version: 2.0.0
  resolution: "postgres-array@npm:2.0.0"
  checksum: 10c0/cbd56207e4141d7fbf08c86f2aebf21fa7064943d3f808ec85f442ff94b48d891e7a144cc02665fb2de5dbcb9b8e3183a2ac749959e794b4a4cfd379d7a21d08
  languageName: node
  linkType: hard

"postgres-array@npm:~3.0.1":
  version: 3.0.2
  resolution: "postgres-array@npm:3.0.2"
  checksum: 10c0/644aa071f67a66a59f641f8e623887d2b915bc102a32643e2aa8b54c11acd343c5ad97831ea444dd37bd4b921ba35add4aa2cb0c6b76700a8252c2324aeba5b4
  languageName: node
  linkType: hard

"postgres-bytea@npm:~1.0.0":
  version: 1.0.0
  resolution: "postgres-bytea@npm:1.0.0"
  checksum: 10c0/febf2364b8a8953695cac159eeb94542ead5886792a9627b97e33f6b5bb6e263bc0706ab47ec221516e79fbd6b2452d668841830fb3b49ec6c0fc29be61892ce
  languageName: node
  linkType: hard

"postgres-bytea@npm:~3.0.0":
  version: 3.0.0
  resolution: "postgres-bytea@npm:3.0.0"
  dependencies:
    obuf: "npm:~1.1.2"
  checksum: 10c0/41c79cc48aa730c5ba3eda6ab989a940034f07a1f57b8f2777dce56f1b8cca16c5870582932b5b10cc605048aef9b6157e06253c871b4717cafc6d00f55376aa
  languageName: node
  linkType: hard

"postgres-date@npm:~1.0.4":
  version: 1.0.7
  resolution: "postgres-date@npm:1.0.7"
  checksum: 10c0/0ff91fccc64003e10b767fcfeefb5eaffbc522c93aa65d5051c49b3c4ce6cb93ab091a7d22877a90ad60b8874202c6f1d0f935f38a7235ed3b258efd54b97ca9
  languageName: node
  linkType: hard

"postgres-date@npm:~2.1.0":
  version: 2.1.0
  resolution: "postgres-date@npm:2.1.0"
  checksum: 10c0/00a7472c10788f6b0d08d24108bf1eb80858de1bd6317740198a564918ea4a69b80c98148167b92ae688abd606483020d0de0dd3a36f3ea9a3e26bbeef3464f4
  languageName: node
  linkType: hard

"postgres-interval@npm:^1.1.0":
  version: 1.2.0
  resolution: "postgres-interval@npm:1.2.0"
  dependencies:
    xtend: "npm:^4.0.0"
  checksum: 10c0/c1734c3cb79e7f22579af0b268a463b1fa1d084e742a02a7a290c4f041e349456f3bee3b4ee0bb3f226828597f7b76deb615c1b857db9a742c45520100456272
  languageName: node
  linkType: hard

"postgres-interval@npm:^3.0.0":
  version: 3.0.0
  resolution: "postgres-interval@npm:3.0.0"
  checksum: 10c0/8b570b30ea37c685e26d136d34460f246f98935a1533defc4b53bb05ee23ae3dc7475b718ec7ea607a57894d8c6b4f1adf67ca9cc83a75bdacffd427d5c68de8
  languageName: node
  linkType: hard

"postgres-range@npm:^1.1.1":
  version: 1.1.4
  resolution: "postgres-range@npm:1.1.4"
  checksum: 10c0/254494ef81df208e0adeae6b66ce394aba37914ea14c7ece55a45fb6691b7db04bee74c825380a47c887a9f87158fd3d86f758f9cc60b76d3a38ce5aca7912e8
  languageName: node
  linkType: hard

"split2@npm:^4.1.0":
  version: 4.2.0
  resolution: "split2@npm:4.2.0"
  checksum: 10c0/b292beb8ce9215f8c642bb68be6249c5a4c7f332fc8ecadae7be5cbdf1ea95addc95f0459ef2e7ad9d45fd1064698a097e4eb211c83e772b49bc0ee423e91534
  languageName: node
  linkType: hard

"sqlc-typescript-example@workspace:.":
  version: 0.0.0-use.local
  resolution: "sqlc-typescript-example@workspace:."
  dependencies:
    "@types/pg": "npm:^8.11.11"
    pg: "npm:^8.13.1"
  languageName: unknown
  linkType: soft

"undici-types@npm:~6.20.0":
  version: 6.20.0
  resolution: "undici-types@npm:6.20.0"
  checksum: 10c0/68e659a98898d6a836a9a59e6adf14a5d799707f5ea629433e025ac90d239f75e408e2e5ff086afc3cace26f8b26ee52155293564593fbb4a2f666af57fc59bf
  languageName: node
  linkType: hard

"xtend@npm:^4.0.0":
  version: 4.0.2
  resolution: "xtend@npm:4.0.2"
  checksum: 10c0/366ae4783eec6100f8a02dff02ac907bf29f9a00b82ac0264b4d8b832ead18306797e283cf19de776538babfdcb2101375ec5646b59f08c52128ac4ab812ed0e
  languageName: node
  linkType: hard
