# This file is generated by running "yarn install" inside your project.
# Manual changes might be lost - proceed with caution!

__metadata:
  version: 8
  cacheKey: 10c0

"@types/node@npm:^22.13.1":
  version: 22.13.1
  resolution: "@types/node@npm:22.13.1"
  dependencies:
    undici-types: "npm:~6.20.0"
  checksum: 10c0/d4e56d41d8bd53de93da2651c0a0234e330bd7b1b6d071b1a94bd3b5ee2d9f387519e739c52a15c1faa4fb9d97e825b848421af4b2e50e6518011e7adb4a34b7
  languageName: node
  linkType: hard

"chokidar@npm:^4.0.3":
  version: 4.0.3
  resolution: "chokidar@npm:4.0.3"
  dependencies:
    readdirp: "npm:^4.0.1"
  checksum: 10c0/a58b9df05bb452f7d105d9e7229ac82fa873741c0c40ddcc7bb82f8a909fbe3f7814c9ebe9bc9a2bef9b737c0ec6e2d699d179048ef06ad3ec46315df0ebe6ad
  languageName: node
  linkType: hard

"commander@npm:^13.1.0":
  version: 13.1.0
  resolution: "commander@npm:13.1.0"
  checksum: 10c0/7b8c5544bba704fbe84b7cab2e043df8586d5c114a4c5b607f83ae5060708940ed0b5bd5838cf8ce27539cde265c1cbd59ce3c8c6b017ed3eec8943e3a415164
  languageName: node
  linkType: hard

"prettier@npm:3.4.2":
  version: 3.4.2
  resolution: "prettier@npm:3.4.2"
  bin:
    prettier: bin/prettier.cjs
  checksum: 10c0/99e076a26ed0aba4ebc043880d0f08bbb8c59a4c6641cdee6cdadf2205bdd87aa1d7823f50c3aea41e015e99878d37c58d7b5f0e663bba0ef047f94e36b96446
  languageName: node
  linkType: hard

"readdirp@npm:^4.0.1":
  version: 4.1.1
  resolution: "readdirp@npm:4.1.1"
  checksum: 10c0/a1afc90d0e57ce4caa28046875519453fd09663ade0d0c29fe0d6a117eca4596cfdf1a9ebb0859ad34cca7b9351d4f0d8d962a4363d40f3f37e57dba51ffb6b6
  languageName: node
  linkType: hard

"sqlc-typescript@workspace:.":
  version: 0.0.0-use.local
  resolution: "sqlc-typescript@workspace:."
  dependencies:
    "@types/node": "npm:^22.13.1"
    chokidar: "npm:^4.0.3"
    commander: "npm:^13.1.0"
    prettier: "npm:3.4.2"
    typescript: "npm:^5.7.3"
  bin:
    sqlc-typescript: bin/cli
  languageName: unknown
  linkType: soft

"typescript@npm:^5.7.3":
  version: 5.7.3
  resolution: "typescript@npm:5.7.3"
  bin:
    tsc: bin/tsc
    tsserver: bin/tsserver
  checksum: 10c0/b7580d716cf1824736cc6e628ab4cd8b51877408ba2be0869d2866da35ef8366dd6ae9eb9d0851470a39be17cbd61df1126f9e211d8799d764ea7431d5435afa
  languageName: node
  linkType: hard

"typescript@patch:typescript@npm%3A^5.7.3#optional!builtin<compat/typescript>":
  version: 5.7.3
  resolution: "typescript@patch:typescript@npm%3A5.7.3#optional!builtin<compat/typescript>::version=5.7.3&hash=5786d5"
  bin:
    tsc: bin/tsc
    tsserver: bin/tsserver
  checksum: 10c0/6fd7e0ed3bf23a81246878c613423730c40e8bdbfec4c6e4d7bf1b847cbb39076e56ad5f50aa9d7ebd89877999abaee216002d3f2818885e41c907caaa192cc4
  languageName: node
  linkType: hard

"undici-types@npm:~6.20.0":
  version: 6.20.0
  resolution: "undici-types@npm:6.20.0"
  checksum: 10c0/68e659a98898d6a836a9a59e6adf14a5d799707f5ea629433e025ac90d239f75e408e2e5ff086afc3cace26f8b26ee52155293564593fbb4a2f666af57fc59bf
  languageName: node
  linkType: hard
